
Microsoft Visual Studio Solution File, Format Version 12.00
# Visual Studio Version 16
VisualStudioVersion = 16.0.31515.178
MinimumVisualStudioVersion = 10.0.40219.1
Project("{FAE04EC0-301F-11D3-BF4B-00C04F79EFBC}") = "TestProject.Tests", "TestProject.Tests\TestProject.Tests.csproj", "{1B6AEDD6-3D6A-44CE-98EC-4ECE2C5735A2}"
EndProject
Global
	GlobalSection(SolutionConfigurationPlatforms) = preSolution
		Debug|Any CPU = Debug|Any CPU
		Release|Any CPU = Release|Any CPU
	EndGlobalSection
	GlobalSection(ProjectConfigurationPlatforms) = postSolution
		{1B6AEDD6-3D6A-44CE-98EC-4ECE2C5735A2}.Debug|Any CPU.ActiveCfg = Debug|Any CPU
		{1B6AEDD6-3D6A-44CE-98EC-4ECE2C5735A2}.Debug|Any CPU.Build.0 = Debug|Any CPU
		{1B6AEDD6-3D6A-44CE-98EC-4ECE2C5735A2}.Release|Any CPU.ActiveCfg = Release|Any CPU
		{1B6AEDD6-3D6A-44CE-98EC-4ECE2C5735A2}.Release|Any CPU.Build.0 = Release|Any CPU
	EndGlobalSection
	GlobalSection(SolutionProperties) = preSolution
		HideSolutionNode = FALSE
	EndGlobalSection
	GlobalSection(ExtensibilityGlobals) = postSolution
		SolutionGuid = {097567E9-2441-434A-9B1B-02C02F5D9446}
	EndGlobalSection
EndGlobal
